
Microsoft Visual Studio Solution File, Format Version 12.00
# Visual Studio 15
VisualStudioVersion = 15.0.27004.2006
MinimumVisualStudioVersion = 10.0.40219.1
Project("{9A19103F-16F7-4668-BE54-9A1E7A4F7556}") = "JixhDb.Web", "JixhDb.Web\JixhDb.Web.csproj", "{E8264E58-0223-4AA8-A630-145A9E6EFE4D}"
EndProject
Project("{9A19103F-16F7-4668-BE54-9A1E7A4F7556}") = "JixhDb.Services", "JixhDb.Services\JixhDb.Services.csproj", "{BACB6128-54F1-4B37-9083-B24318BB00AC}"
EndProject
Project("{9A19103F-16F7-4668-BE54-9A1E7A4F7556}") = "JixhDb.Models", "JixhDb.Models\JixhDb.Models.csproj", "{5DD1C28C-38D8-4A0E-AB50-864498863AEA}"
EndProject
Project("{9A19103F-16F7-4668-BE54-9A1E7A4F7556}") = "JixhDb.Data", "JixhDb.Data\JixhDb.Data.csproj", "{BF9D8B18-4317-4CFC-B38A-A96043F8877F}"
EndProject
Project("{9A19103F-16F7-4668-BE54-9A1E7A4F7556}") = "JixhDb.Common", "JixhDb.Common\JixhDb.Common.csproj", "{43126B85-AE50-4068-9736-E3A7E7A78620}"
EndProject
Project("{FAE04EC0-301F-11D3-BF4B-00C04F79EFBC}") = "JixhDb.Test", "JixhDb.Test\JixhDb.Test.csproj", "{C6BA5E94-4DB4-428D-8E2D-73B2CEFB9049}"
EndProject
Global
	GlobalSection(SolutionConfigurationPlatforms) = preSolution
		Debug|Any CPU = Debug|Any CPU
		Release|Any CPU = Release|Any CPU
	EndGlobalSection
	GlobalSection(ProjectConfigurationPlatforms) = postSolution
		{E8264E58-0223-4AA8-A630-145A9E6EFE4D}.Debug|Any CPU.ActiveCfg = Debug|Any CPU
		{E8264E58-0223-4AA8-A630-145A9E6EFE4D}.Debug|Any CPU.Build.0 = Debug|Any CPU
		{E8264E58-0223-4AA8-A630-145A9E6EFE4D}.Release|Any CPU.ActiveCfg = Release|Any CPU
		{E8264E58-0223-4AA8-A630-145A9E6EFE4D}.Release|Any CPU.Build.0 = Release|Any CPU
		{BACB6128-54F1-4B37-9083-B24318BB00AC}.Debug|Any CPU.ActiveCfg = Debug|Any CPU
		{BACB6128-54F1-4B37-9083-B24318BB00AC}.Debug|Any CPU.Build.0 = Debug|Any CPU
		{BACB6128-54F1-4B37-9083-B24318BB00AC}.Release|Any CPU.ActiveCfg = Release|Any CPU
		{BACB6128-54F1-4B37-9083-B24318BB00AC}.Release|Any CPU.Build.0 = Release|Any CPU
		{5DD1C28C-38D8-4A0E-AB50-864498863AEA}.Debug|Any CPU.ActiveCfg = Debug|Any CPU
		{5DD1C28C-38D8-4A0E-AB50-864498863AEA}.Debug|Any CPU.Build.0 = Debug|Any CPU
		{5DD1C28C-38D8-4A0E-AB50-864498863AEA}.Release|Any CPU.ActiveCfg = Release|Any CPU
		{5DD1C28C-38D8-4A0E-AB50-864498863AEA}.Release|Any CPU.Build.0 = Release|Any CPU
		{BF9D8B18-4317-4CFC-B38A-A96043F8877F}.Debug|Any CPU.ActiveCfg = Debug|Any CPU
		{BF9D8B18-4317-4CFC-B38A-A96043F8877F}.Debug|Any CPU.Build.0 = Debug|Any CPU
		{BF9D8B18-4317-4CFC-B38A-A96043F8877F}.Release|Any CPU.ActiveCfg = Release|Any CPU
		{BF9D8B18-4317-4CFC-B38A-A96043F8877F}.Release|Any CPU.Build.0 = Release|Any CPU
		{43126B85-AE50-4068-9736-E3A7E7A78620}.Debug|Any CPU.ActiveCfg = Debug|Any CPU
		{43126B85-AE50-4068-9736-E3A7E7A78620}.Debug|Any CPU.Build.0 = Debug|Any CPU
		{43126B85-AE50-4068-9736-E3A7E7A78620}.Release|Any CPU.ActiveCfg = Release|Any CPU
		{43126B85-AE50-4068-9736-E3A7E7A78620}.Release|Any CPU.Build.0 = Release|Any CPU
		{C6BA5E94-4DB4-428D-8E2D-73B2CEFB9049}.Debug|Any CPU.ActiveCfg = Debug|Any CPU
		{C6BA5E94-4DB4-428D-8E2D-73B2CEFB9049}.Debug|Any CPU.Build.0 = Debug|Any CPU
		{C6BA5E94-4DB4-428D-8E2D-73B2CEFB9049}.Release|Any CPU.ActiveCfg = Release|Any CPU
		{C6BA5E94-4DB4-428D-8E2D-73B2CEFB9049}.Release|Any CPU.Build.0 = Release|Any CPU
	EndGlobalSection
	GlobalSection(SolutionProperties) = preSolution
		HideSolutionNode = FALSE
	EndGlobalSection
	GlobalSection(ExtensibilityGlobals) = postSolution
		SolutionGuid = {A92C9210-B0A0-4A47-825D-EEB727D906C7}
	EndGlobalSection
EndGlobal
