
Microsoft Visual Studio Solution File, Format Version 12.00
# Visual Studio 14
VisualStudioVersion = 14.0.24720.0
MinimumVisualStudioVersion = 10.0.40219.1
Project("{FAE04EC0-301F-11D3-BF4B-00C04F79EFBC}") = "JixhDb.Web", "JixhDb.Web\JixhDb.Web.csproj", "{6D2C003E-4931-43C1-A56E-F500C0B20F85}"
EndProject
Project("{FAE04EC0-301F-11D3-BF4B-00C04F79EFBC}") = "JixhDb.Web.Tests", "JixhDb.Web.Tests\JixhDb.Web.Tests.csproj", "{BE772608-2DED-410E-8F9B-1274175B7AD4}"
EndProject
Project("{FAE04EC0-301F-11D3-BF4B-00C04F79EFBC}") = "JixhDb.Models", "JixhDb.Models\JixhDb.Models.csproj", "{9ACC3C2E-B1F1-4F13-944A-71145798544B}"
EndProject
Project("{FAE04EC0-301F-11D3-BF4B-00C04F79EFBC}") = "JixhDb.Data", "JixhDb.Data\JixhDb.Data.csproj", "{40CE35BF-CD95-4677-8A12-E8F93C602115}"
EndProject
Project("{FAE04EC0-301F-11D3-BF4B-00C04F79EFBC}") = "JixhDb.API", "JixhDb.API\JixhDb.API.csproj", "{38C40BC9-89F7-4B37-BC88-7DD7FE0288B9}"
EndProject
Project("{FAE04EC0-301F-11D3-BF4B-00C04F79EFBC}") = "JixhDb.API.Tests", "JixhDb.API.Tests\JixhDb.API.Tests.csproj", "{6D138B01-809C-4DBC-A549-C70DD31066E1}"
EndProject
Global
	GlobalSection(SolutionConfigurationPlatforms) = preSolution
		Debug|Any CPU = Debug|Any CPU
		Release|Any CPU = Release|Any CPU
	EndGlobalSection
	GlobalSection(ProjectConfigurationPlatforms) = postSolution
		{6D2C003E-4931-43C1-A56E-F500C0B20F85}.Debug|Any CPU.ActiveCfg = Debug|Any CPU
		{6D2C003E-4931-43C1-A56E-F500C0B20F85}.Debug|Any CPU.Build.0 = Debug|Any CPU
		{6D2C003E-4931-43C1-A56E-F500C0B20F85}.Release|Any CPU.ActiveCfg = Release|Any CPU
		{6D2C003E-4931-43C1-A56E-F500C0B20F85}.Release|Any CPU.Build.0 = Release|Any CPU
		{BE772608-2DED-410E-8F9B-1274175B7AD4}.Debug|Any CPU.ActiveCfg = Debug|Any CPU
		{BE772608-2DED-410E-8F9B-1274175B7AD4}.Debug|Any CPU.Build.0 = Debug|Any CPU
		{BE772608-2DED-410E-8F9B-1274175B7AD4}.Release|Any CPU.ActiveCfg = Release|Any CPU
		{BE772608-2DED-410E-8F9B-1274175B7AD4}.Release|Any CPU.Build.0 = Release|Any CPU
		{9ACC3C2E-B1F1-4F13-944A-71145798544B}.Debug|Any CPU.ActiveCfg = Debug|Any CPU
		{9ACC3C2E-B1F1-4F13-944A-71145798544B}.Debug|Any CPU.Build.0 = Debug|Any CPU
		{9ACC3C2E-B1F1-4F13-944A-71145798544B}.Release|Any CPU.ActiveCfg = Release|Any CPU
		{9ACC3C2E-B1F1-4F13-944A-71145798544B}.Release|Any CPU.Build.0 = Release|Any CPU
		{40CE35BF-CD95-4677-8A12-E8F93C602115}.Debug|Any CPU.ActiveCfg = Debug|Any CPU
		{40CE35BF-CD95-4677-8A12-E8F93C602115}.Debug|Any CPU.Build.0 = Debug|Any CPU
		{40CE35BF-CD95-4677-8A12-E8F93C602115}.Release|Any CPU.ActiveCfg = Release|Any CPU
		{40CE35BF-CD95-4677-8A12-E8F93C602115}.Release|Any CPU.Build.0 = Release|Any CPU
		{38C40BC9-89F7-4B37-BC88-7DD7FE0288B9}.Debug|Any CPU.ActiveCfg = Debug|Any CPU
		{38C40BC9-89F7-4B37-BC88-7DD7FE0288B9}.Debug|Any CPU.Build.0 = Debug|Any CPU
		{38C40BC9-89F7-4B37-BC88-7DD7FE0288B9}.Release|Any CPU.ActiveCfg = Release|Any CPU
		{38C40BC9-89F7-4B37-BC88-7DD7FE0288B9}.Release|Any CPU.Build.0 = Release|Any CPU
		{6D138B01-809C-4DBC-A549-C70DD31066E1}.Debug|Any CPU.ActiveCfg = Debug|Any CPU
		{6D138B01-809C-4DBC-A549-C70DD31066E1}.Debug|Any CPU.Build.0 = Debug|Any CPU
		{6D138B01-809C-4DBC-A549-C70DD31066E1}.Release|Any CPU.ActiveCfg = Release|Any CPU
		{6D138B01-809C-4DBC-A549-C70DD31066E1}.Release|Any CPU.Build.0 = Release|Any CPU
	EndGlobalSection
	GlobalSection(SolutionProperties) = preSolution
		HideSolutionNode = FALSE
	EndGlobalSection
EndGlobal
